PODS:
  - TinyConstraints (4.0.1)

DEPENDENCIES:
  - TinyConstraints

SPEC REPOS:
  https://github.com/cocoapods/specs.git:
    - TinyConstraints

SPEC CHECKSUMS:
  TinyConstraints: 8dd91295e56797648c7bc335dd20e1d91ec4c192

PODFILE CHECKSUM: 75d2e0a551581834184d7ab57f2fbf0d6a464387

COCOAPODS: 1.5.2
