// !$*UTF8*$!
{
	archiveVersion = 1;
	classes = {
	};
	objectVersion = 50;
	objects = {

/* Begin PBXBuildFile section */
		23534C0D2426ED0900634611 /* BasicViewController.swift in Sources */ = {isa = PBXBuildFile; fileRef = 23534C0C2426ED0900634611 /* BasicViewController.swift */; };
		23534C0F2426ED8600634611 /* MainView.swift in Sources */ = {isa = PBXBuildFile; fileRef = 23534C0E2426ED8600634611 /* MainView.swift */; };
		23534C112426EDFD00634611 /* TransitionTypes.swift in Sources */ = {isa = PBXBuildFile; fileRef = 23534C102426EDFD00634611 /* TransitionTypes.swift */; };
		23534C132426F63000634611 /* BasicView.swift in Sources */ = {isa = PBXBuildFile; fileRef = 23534C122426F63000634611 /* BasicView.swift */; };
		23D80CBC2426EA0900A64732 /* AppDelegate.swift in Sources */ = {isa = PBXBuildFile; fileRef = 23D80CBB2426EA0900A64732 /* AppDelegate.swift */; };
		23D80CBE2426EA0900A64732 /* SceneDelegate.swift in Sources */ = {isa = PBXBuildFile; fileRef = 23D80CBD2426EA0900A64732 /* SceneDelegate.swift */; };
		23D80CC52426EA1000A64732 /* Assets.xcassets in Resources */ = {isa = PBXBuildFile; fileRef = 23D80CC42426EA1000A64732 /* Assets.xcassets */; };
		23D80CC82426EA1000A64732 /* LaunchScreen.storyboard in Resources */ = {isa = PBXBuildFile; fileRef = 23D80CC62426EA1000A64732 /* LaunchScreen.storyboard */; };
		23D80CD52426EB4000A64732 /* MainViewController.swift in Sources */ = {isa = PBXBuildFile; fileRef = 23D80CD42426EB4000A64732 /* MainViewController.swift */; };
		23D80CD82426EB7300A64732 /* Navigator.swift in Sources */ = {isa = PBXBuildFile; fileRef = 23D80CD72426EB7300A64732 /* Navigator.swift */; };
		23D80CDA2426EBBF00A64732 /* Scenes.swift in Sources */ = {isa = PBXBuildFile; fileRef = 23D80CD92426EBBF00A64732 /* Scenes.swift */; };
		23D80CDC2426EC2800A64732 /* DependencyContainer.swift in Sources */ = {isa = PBXBuildFile; fileRef = 23D80CDB2426EC2800A64732 /* DependencyContainer.swift */; };
/* End PBXBuildFile section */

/* Begin PBXFileReference section */
		23534C0C2426ED0900634611 /* BasicViewController.swift */ = {isa = PBXFileReference; lastKnownFileType = sourcecode.swift; path = BasicViewController.swift; sourceTree = "<group>"; };
		23534C0E2426ED8600634611 /* MainView.swift */ = {isa = PBXFileReference; lastKnownFileType = sourcecode.swift; path = MainView.swift; sourceTree = "<group>"; };
		23534C102426EDFD00634611 /* TransitionTypes.swift */ = {isa = PBXFileReference; lastKnownFileType = sourcecode.swift; path = TransitionTypes.swift; sourceTree = "<group>"; };
		23534C122426F63000634611 /* BasicView.swift */ = {isa = PBXFileReference; lastKnownFileType = sourcecode.swift; path = BasicView.swift; sourceTree = "<group>"; };
		23D80CB82426EA0900A64732 /* Thinkz-IOS.app */ = {isa = PBXFileReference; explicitFileType = wrapper.application; includeInIndex = 0; path = "Thinkz-IOS.app"; sourceTree = BUILT_PRODUCTS_DIR; };
		23D80CBB2426EA0900A64732 /* AppDelegate.swift */ = {isa = PBXFileReference; lastKnownFileType = sourcecode.swift; path = AppDelegate.swift; sourceTree = "<group>"; };
		23D80CBD2426EA0900A64732 /* SceneDelegate.swift */ = {isa = PBXFileReference; lastKnownFileType = sourcecode.swift; path = SceneDelegate.swift; sourceTree = "<group>"; };
		23D80CC42426EA1000A64732 /* Assets.xcassets */ = {isa = PBXFileReference; lastKnownFileType = folder.assetcatalog; path = Assets.xcassets; sourceTree = "<group>"; };
		23D80CC72426EA1000A64732 /* Base */ = {isa = PBXFileReference; lastKnownFileType = file.storyboard; name = Base; path = Base.lproj/LaunchScreen.storyboard; sourceTree = "<group>"; };
		23D80CC92426EA1000A64732 /* Info.plist */ = {isa = PBXFileReference; lastKnownFileType = text.plist.xml; path = Info.plist; sourceTree = "<group>"; };
		23D80CD42426EB4000A64732 /* MainViewController.swift */ = {isa = PBXFileReference; lastKnownFileType = sourcecode.swift; path = MainViewController.swift; sourceTree = "<group>"; };
		23D80CD72426EB7300A64732 /* Navigator.swift */ = {isa = PBXFileReference; lastKnownFileType = sourcecode.swift; path = Navigator.swift; sourceTree = "<group>"; };
		23D80CD92426EBBF00A64732 /* Scenes.swift */ = {isa = PBXFileReference; lastKnownFileType = sourcecode.swift; path = Scenes.swift; sourceTree = "<group>"; };
		23D80CDB2426EC2800A64732 /* DependencyContainer.swift */ = {isa = PBXFileReference; lastKnownFileType = sourcecode.swift; path = DependencyContainer.swift; sourceTree = "<group>"; };
/* End PBXFileReference section */

/* Begin PBXFrameworksBuildPhase section */
		23D80CB52426EA0900A64732 /* Frameworks */ = {
			isa = PBXFrameworksBuildPhase;
			buildActionMask = 2147483647;
			files = (
			);
			runOnlyForDeploymentPostprocessing = 0;
		};
/* End PBXFrameworksBuildPhase section */

/* Begin PBXGroup section */
		23534C0B2426ECF600634611 /* Common */ = {
			isa = PBXGroup;
			children = (
				23534C142426FA8600634611 /* GUI */,
			);
			path = Common;
			sourceTree = "<group>";
		};
		23534C142426FA8600634611 /* GUI */ = {
			isa = PBXGroup;
			children = (
				23534C0C2426ED0900634611 /* BasicViewController.swift */,
				23534C122426F63000634611 /* BasicView.swift */,
			);
			path = GUI;
			sourceTree = "<group>";
		};
		23D80CAF2426EA0900A64732 = {
			isa = PBXGroup;
			children = (
				23D80CBA2426EA0900A64732 /* Thinkz-IOS */,
				23D80CB92426EA0900A64732 /* Products */,
			);
			sourceTree = "<group>";
		};
		23D80CB92426EA0900A64732 /* Products */ = {
			isa = PBXGroup;
			children = (
				23D80CB82426EA0900A64732 /* Thinkz-IOS.app */,
			);
			name = Products;
			sourceTree = "<group>";
		};
		23D80CBA2426EA0900A64732 /* Thinkz-IOS */ = {
			isa = PBXGroup;
			children = (
				23D80CC92426EA1000A64732 /* Info.plist */,
				23D80CD02426EAF800A64732 /* Assets */,
				23D80CCF2426EADD00A64732 /* Main App Files */,
				23D80CD22426EB0F00A64732 /* GUI */,
				23534C0B2426ECF600634611 /* Common */,
				23D80CD12426EB0500A64732 /* Models */,
			);
			path = "Thinkz-IOS";
			sourceTree = "<group>";
		};
		23D80CCF2426EADD00A64732 /* Main App Files */ = {
			isa = PBXGroup;
			children = (
				23D80CBB2426EA0900A64732 /* AppDelegate.swift */,
				23D80CBD2426EA0900A64732 /* SceneDelegate.swift */,
				23D80CC62426EA1000A64732 /* LaunchScreen.storyboard */,
				23D80CDB2426EC2800A64732 /* DependencyContainer.swift */,
			);
			path = "Main App Files";
			sourceTree = "<group>";
		};
		23D80CD02426EAF800A64732 /* Assets */ = {
			isa = PBXGroup;
			children = (
				23D80CC42426EA1000A64732 /* Assets.xcassets */,
			);
			path = Assets;
			sourceTree = "<group>";
		};
		23D80CD12426EB0500A64732 /* Models */ = {
			isa = PBXGroup;
			children = (
			);
			path = Models;
			sourceTree = "<group>";
		};
		23D80CD22426EB0F00A64732 /* GUI */ = {
			isa = PBXGroup;
			children = (
				23D80CD62426EB6400A64732 /* Navigator */,
				23D80CD32426EB1800A64732 /* MainView */,
			);
			path = GUI;
			sourceTree = "<group>";
		};
		23D80CD32426EB1800A64732 /* MainView */ = {
			isa = PBXGroup;
			children = (
				23D80CD42426EB4000A64732 /* MainViewController.swift */,
				23534C0E2426ED8600634611 /* MainView.swift */,
			);
			path = MainView;
			sourceTree = "<group>";
		};
		23D80CD62426EB6400A64732 /* Navigator */ = {
			isa = PBXGroup;
			children = (
				23D80CD72426EB7300A64732 /* Navigator.swift */,
				23D80CD92426EBBF00A64732 /* Scenes.swift */,
				23534C102426EDFD00634611 /* TransitionTypes.swift */,
			);
			path = Navigator;
			sourceTree = "<group>";
		};
/* End PBXGroup section */

/* Begin PBXNativeTarget section */
		23D80CB72426EA0900A64732 /* Thinkz-IOS */ = {
			isa = PBXNativeTarget;
			buildConfigurationList = 23D80CCC2426EA1000A64732 /* Build configuration list for PBXNativeTarget "Thinkz-IOS" */;
			buildPhases = (
				23D80CB42426EA0900A64732 /* Sources */,
				23D80CB52426EA0900A64732 /* Frameworks */,
				23D80CB62426EA0900A64732 /* Resources */,
			);
			buildRules = (
			);
			dependencies = (
			);
			name = "Thinkz-IOS";
			productName = "Thinkz-IOS";
			productReference = 23D80CB82426EA0900A64732 /* Thinkz-IOS.app */;
			productType = "com.apple.product-type.application";
		};
/* End PBXNativeTarget section */

/* Begin PBXProject section */
		23D80CB02426EA0900A64732 /* Project object */ = {
			isa = PBXProject;
			attributes = {
				LastSwiftUpdateCheck = 1130;
				LastUpgradeCheck = 1130;
				ORGANIZATIONNAME = Thinkz.me;
				TargetAttributes = {
					23D80CB72426EA0900A64732 = {
						CreatedOnToolsVersion = 11.3.1;
					};
				};
			};
			buildConfigurationList = 23D80CB32426EA0900A64732 /* Build configuration list for PBXProject "Thinkz-IOS" */;
			compatibilityVersion = "Xcode 9.3";
			developmentRegion = en;
			hasScannedForEncodings = 0;
			knownRegions = (
				en,
				Base,
			);
			mainGroup = 23D80CAF2426EA0900A64732;
			productRefGroup = 23D80CB92426EA0900A64732 /* Products */;
			projectDirPath = "";
			projectRoot = "";
			targets = (
				23D80CB72426EA0900A64732 /* Thinkz-IOS */,
			);
		};
/* End PBXProject section */

/* Begin PBXResourcesBuildPhase section */
		23D80CB62426EA0900A64732 /* Resources */ = {
			isa = PBXResourcesBuildPhase;
			buildActionMask = 2147483647;
			files = (
				23D80CC82426EA1000A64732 /* LaunchScreen.storyboard in Resources */,
				23D80CC52426EA1000A64732 /* Assets.xcassets in Resources */,
			);
			runOnlyForDeploymentPostprocessing = 0;
		};
/* End PBXResourcesBuildPhase section */

/* Begin PBXSourcesBuildPhase section */
		23D80CB42426EA0900A64732 /* Sources */ = {
			isa = PBXSourcesBuildPhase;
			buildActionMask = 2147483647;
			files = (
				23D80CD52426EB4000A64732 /* MainViewController.swift in Sources */,
				23534C0F2426ED8600634611 /* MainView.swift in Sources */,
				23D80CD82426EB7300A64732 /* Navigator.swift in Sources */,
				23D80CDA2426EBBF00A64732 /* Scenes.swift in Sources */,
				23534C112426EDFD00634611 /* TransitionTypes.swift in Sources */,
				23D80CBC2426EA0900A64732 /* AppDelegate.swift in Sources */,
				23D80CDC2426EC2800A64732 /* DependencyContainer.swift in Sources */,
				23534C132426F63000634611 /* BasicView.swift in Sources */,
				23D80CBE2426EA0900A64732 /* SceneDelegate.swift in Sources */,
				23534C0D2426ED0900634611 /* BasicViewController.swift in Sources */,
			);
			runOnlyForDeploymentPostprocessing = 0;
		};
/* End PBXSourcesBuildPhase section */

/* Begin PBXVariantGroup section */
		23D80CC62426EA1000A64732 /* LaunchScreen.storyboard */ = {
			isa = PBXVariantGroup;
			children = (
				23D80CC72426EA1000A64732 /* Base */,
			);
			name = LaunchScreen.storyboard;
			sourceTree = "<group>";
		};
/* End PBXVariantGroup section */

/* Begin XCBuildConfiguration section */
		23D80CCA2426EA1000A64732 /* Debug */ = {
			isa = XCBuildConfiguration;
			buildSettings = {
				ALWAYS_SEARCH_USER_PATHS = NO;
				CLANG_ANALYZER_NONNULL = YES;
				CLANG_ANALYZER_NUMBER_OBJECT_CONVERSION = YES_AGGRESSIVE;
				CLANG_CXX_LANGUAGE_STANDARD = "gnu++14";
				CLANG_CXX_LIBRARY = "libc++";
				CLANG_ENABLE_MODULES = YES;
				CLANG_ENABLE_OBJC_ARC = YES;
				CLANG_ENABLE_OBJC_WEAK = YES;
				CLANG_WARN_BLOCK_CAPTURE_AUTORELEASING = YES;
				CLANG_WARN_BOOL_CONVERSION = YES;
				CLANG_WARN_COMMA = YES;
				CLANG_WARN_CONSTANT_CONVERSION = YES;
				CLANG_WARN_DEPRECATED_OBJC_IMPLEMENTATIONS = YES;
				CLANG_WARN_DIRECT_OBJC_ISA_USAGE = YES_ERROR;
				CLANG_WARN_DOCUMENTATION_COMMENTS = YES;
				CLANG_WARN_EMPTY_BODY = YES;
				CLANG_WARN_ENUM_CONVERSION = YES;
				CLANG_WARN_INFINITE_RECURSION = YES;
				CLANG_WARN_INT_CONVERSION = YES;
				CLANG_WARN_NON_LITERAL_NULL_CONVERSION = YES;
				CLANG_WARN_OBJC_IMPLICIT_RETAIN_SELF = YES;
				CLANG_WARN_OBJC_LITERAL_CONVERSION = YES;
				CLANG_WARN_OBJC_ROOT_CLASS = YES_ERROR;
				CLANG_WARN_RANGE_LOOP_ANALYSIS = YES;
				CLANG_WARN_STRICT_PROTOTYPES = YES;
				CLANG_WARN_SUSPICIOUS_MOVE = YES;
				CLANG_WARN_UNGUARDED_AVAILABILITY = YES_AGGRESSIVE;
				CLANG_WARN_UNREACHABLE_CODE = YES;
				CLANG_WARN__DUPLICATE_METHOD_MATCH = YES;
				COPY_PHASE_STRIP = NO;
				DEBUG_INFORMATION_FORMAT = dwarf;
				ENABLE_STRICT_OBJC_MSGSEND = YES;
				ENABLE_TESTABILITY = YES;
				GCC_C_LANGUAGE_STANDARD = gnu11;
				GCC_DYNAMIC_NO_PIC = NO;
				GCC_NO_COMMON_BLOCKS = YES;
				GCC_OPTIMIZATION_LEVEL = 0;
				GCC_PREPROCESSOR_DEFINITIONS = (
					"DEBUG=1",
					"$(inherited)",
				);
				GCC_WARN_64_TO_32_BIT_CONVERSION = YES;
				GCC_WARN_ABOUT_RETURN_TYPE = YES_ERROR;
				GCC_WARN_UNDECLARED_SELECTOR = YES;
				GCC_WARN_UNINITIALIZED_AUTOS = YES_AGGRESSIVE;
				GCC_WARN_UNUSED_FUNCTION = YES;
				GCC_WARN_UNUSED_VARIABLE = YES;
				IPHONEOS_DEPLOYMENT_TARGET = 13.2;
				MTL_ENABLE_DEBUG_INFO = INCLUDE_SOURCE;
				MTL_FAST_MATH = YES;
				ONLY_ACTIVE_ARCH = YES;
				SDKROOT = iphoneos;
				SWIFT_ACTIVE_COMPILATION_CONDITIONS = DEBUG;
				SWIFT_OPTIMIZATION_LEVEL = "-Onone";
			};
			name = Debug;
		};
		23D80CCB2426EA1000A64732 /* Release */ = {
			isa = XCBuildConfiguration;
			buildSettings = {
				ALWAYS_SEARCH_USER_PATHS = NO;
				CLANG_ANALYZER_NONNULL = YES;
				CLANG_ANALYZER_NUMBER_OBJECT_CONVERSION = YES_AGGRESSIVE;
				CLANG_CXX_LANGUAGE_STANDARD = "gnu++14";
				CLANG_CXX_LIBRARY = "libc++";
				CLANG_ENABLE_MODULES = YES;
				CLANG_ENABLE_OBJC_ARC = YES;
				CLANG_ENABLE_OBJC_WEAK = YES;
				CLANG_WARN_BLOCK_CAPTURE_AUTORELEASING = YES;
				CLANG_WARN_BOOL_CONVERSION = YES;
				CLANG_WARN_COMMA = YES;
				CLANG_WARN_CONSTANT_CONVERSION = YES;
				CLANG_WARN_DEPRECATED_OBJC_IMPLEMENTATIONS = YES;
				CLANG_WARN_DIRECT_OBJC_ISA_USAGE = YES_ERROR;
				CLANG_WARN_DOCUMENTATION_COMMENTS = YES;
				CLANG_WARN_EMPTY_BODY = YES;
				CLANG_WARN_ENUM_CONVERSION = YES;
				CLANG_WARN_INFINITE_RECURSION = YES;
				CLANG_WARN_INT_CONVERSION = YES;
				CLANG_WARN_NON_LITERAL_NULL_CONVERSION = YES;
				CLANG_WARN_OBJC_IMPLICIT_RETAIN_SELF = YES;
				CLANG_WARN_OBJC_LITERAL_CONVERSION = YES;
				CLANG_WARN_OBJC_ROOT_CLASS = YES_ERROR;
				CLANG_WARN_RANGE_LOOP_ANALYSIS = YES;
				CLANG_WARN_STRICT_PROTOTYPES = YES;
				CLANG_WARN_SUSPICIOUS_MOVE = YES;
				CLANG_WARN_UNGUARDED_AVAILABILITY = YES_AGGRESSIVE;
				CLANG_WARN_UNREACHABLE_CODE = YES;
				CLANG_WARN__DUPLICATE_METHOD_MATCH = YES;
				COPY_PHASE_STRIP = NO;
				DEBUG_INFORMATION_FORMAT = "dwarf-with-dsym";
				ENABLE_NS_ASSERTIONS = NO;
				ENABLE_STRICT_OBJC_MSGSEND = YES;
				GCC_C_LANGUAGE_STANDARD = gnu11;
				GCC_NO_COMMON_BLOCKS = YES;
				GCC_WARN_64_TO_32_BIT_CONVERSION = YES;
				GCC_WARN_ABOUT_RETURN_TYPE = YES_ERROR;
				GCC_WARN_UNDECLARED_SELECTOR = YES;
				GCC_WARN_UNINITIALIZED_AUTOS = YES_AGGRESSIVE;
				GCC_WARN_UNUSED_FUNCTION = YES;
				GCC_WARN_UNUSED_VARIABLE = YES;
				IPHONEOS_DEPLOYMENT_TARGET = 13.2;
				MTL_ENABLE_DEBUG_INFO = NO;
				MTL_FAST_MATH = YES;
				SDKROOT = iphoneos;
				SWIFT_COMPILATION_MODE = wholemodule;
				SWIFT_OPTIMIZATION_LEVEL = "-O";
				VALIDATE_PRODUCT = YES;
			};
			name = Release;
		};
		23D80CCD2426EA1000A64732 /* Debug */ = {
			isa = XCBuildConfiguration;
			buildSettings = {
				ASSETCATALOG_COMPILER_APPICON_NAME = AppIcon;
				CODE_SIGN_STYLE = Automatic;
				DEVELOPMENT_TEAM = 7CS6N8JRT4;
				INFOPLIST_FILE = "Thinkz-IOS/Info.plist";
				LD_RUNPATH_SEARCH_PATHS = (
					"$(inherited)",
					"@executable_path/Frameworks",
				);
				PRODUCT_BUNDLE_IDENTIFIER = "Thinkz.Thinkz-IOS";
				PRODUCT_NAME = "$(TARGET_NAME)";
				SWIFT_VERSION = 5.0;
				TARGETED_DEVICE_FAMILY = "1,2";
			};
			name = Debug;
		};
		23D80CCE2426EA1000A64732 /* Release */ = {
			isa = XCBuildConfiguration;
			buildSettings = {
				ASSETCATALOG_COMPILER_APPICON_NAME = AppIcon;
				CODE_SIGN_STYLE = Automatic;
				DEVELOPMENT_TEAM = 7CS6N8JRT4;
				INFOPLIST_FILE = "Thinkz-IOS/Info.plist";
				LD_RUNPATH_SEARCH_PATHS = (
					"$(inherited)",
					"@executable_path/Frameworks",
				);
				PRODUCT_BUNDLE_IDENTIFIER = "Thinkz.Thinkz-IOS";
				PRODUCT_NAME = "$(TARGET_NAME)";
				SWIFT_VERSION = 5.0;
				TARGETED_DEVICE_FAMILY = "1,2";
			};
			name = Release;
		};
/* End XCBuildConfiguration section */

/* Begin XCConfigurationList section */
		23D80CB32426EA0900A64732 /* Build configuration list for PBXProject "Thinkz-IOS" */ = {
			isa = XCConfigurationList;
			buildConfigurations = (
				23D80CCA2426EA1000A64732 /* Debug */,
				23D80CCB2426EA1000A64732 /* Release */,
			);
			defaultConfigurationIsVisible = 0;
			defaultConfigurationName = Release;
		};
		23D80CCC2426EA1000A64732 /* Build configuration list for PBXNativeTarget "Thinkz-IOS" */ = {
			isa = XCConfigurationList;
			buildConfigurations = (
				23D80CCD2426EA1000A64732 /* Debug */,
				23D80CCE2426EA1000A64732 /* Release */,
			);
			defaultConfigurationIsVisible = 0;
			defaultConfigurationName = Release;
		};
/* End XCConfigurationList section */
	};
	rootObject = 23D80CB02426EA0900A64732 /* Project object */;
}
